
Microsoft Visual Studio Solution File, Format Version 12.00
# Visual Studio 16
Project("{FAE04EC0-301F-11D3-BF4B-00C04F79EFBC}") = "Assembly-CSharp", "Assembly-CSharp.csproj", "{4F2ECAD6-9C4E-A57B-9A68-E3085D8CF508}"
EndProject
Project("{FAE04EC0-301F-11D3-BF4B-00C04F79EFBC}") = "Assembly-CSharp-Editor", "Assembly-CSharp-Editor.csproj", "{7E00A182-D6AA-2690-B4FE-0A7402177721}"
EndProject
Global
	GlobalSection(SolutionConfigurationPlatforms) = preSolution
		Debug|Any CPU = Debug|Any CPU
		Release|Any CPU = Release|Any CPU
	EndGlobalSection
	GlobalSection(ProjectConfigurationPlatforms) = postSolution
		{4F2ECAD6-9C4E-A57B-9A68-E3085D8CF508}.Debug|Any CPU.ActiveCfg = Debug|Any CPU
		{4F2ECAD6-9C4E-A57B-9A68-E3085D8CF508}.Debug|Any CPU.Build.0 = Debug|Any CPU
		{4F2ECAD6-9C4E-A57B-9A68-E3085D8CF508}.Release|Any CPU.ActiveCfg = Release|Any CPU
		{4F2ECAD6-9C4E-A57B-9A68-E3085D8CF508}.Release|Any CPU.Build.0 = Release|Any CPU
		{7E00A182-D6AA-2690-B4FE-0A7402177721}.Debug|Any CPU.ActiveCfg = Debug|Any CPU
		{7E00A182-D6AA-2690-B4FE-0A7402177721}.Debug|Any CPU.Build.0 = Debug|Any CPU
		{7E00A182-D6AA-2690-B4FE-0A7402177721}.Release|Any CPU.ActiveCfg = Release|Any CPU
		{7E00A182-D6AA-2690-B4FE-0A7402177721}.Release|Any CPU.Build.0 = Release|Any CPU
	EndGlobalSection
	GlobalSection(SolutionProperties) = preSolution
		HideSolutionNode = FALSE
	EndGlobalSection
EndGlobal
